PODS:
  - LXWebViewJavascriptBridge (6.1.0)

DEPENDENCIES:
  - LXWebViewJavascriptBridge (from `../..`)

EXTERNAL SOURCES:
  LXWebViewJavascriptBridge:
    :path: "../.."

SPEC CHECKSUMS:
  LXWebViewJavascriptBridge: f4e1df2475a7e9cb9a02cd0473b7e506332e793d

PODFILE CHECKSUM: 9f08eb5451ab634bf0076d83243f05e917b5474f

COCOAPODS: 1.7.5
